# THIS IS AN AUTOGENERATED FILE. DO NOT EDIT THIS FILE DIRECTLY.
# yarn lockfile v1


jquery-quicksand@^1.6.0:
  version "1.6.0"
  resolved "https://registry.yarnpkg.com/jquery-quicksand/-/jquery-quicksand-1.6.0.tgz#2d0a25910c57aa019f41246a462eef04f3e75e39"
  integrity sha512-5PEYBkYzQmQwa6s9VPmmQm1meXQz/7Ezg0iNETBFlFzyhqzRTcLVP7kmEHFuzh0KCUFIh5YgE6XWq6Z5bT7y8A==
  dependencies:
    jquery ">=1.6.1"

jquery-syntax@^4.1.0:
  version "4.1.1"
  resolved "https://registry.yarnpkg.com/jquery-syntax/-/jquery-syntax-4.1.1.tgz#8e15d85952cfee02dda579564eef4b813e5fe4f9"
  integrity sha512-W7HqdQV37N2r9JISW90liYaRNzam++0+zt3gFGzkAa/l4eHF11vyOKBhsadEhewYKBOsWSVIXqdcLtAxYgwT+g==
  dependencies:
    jquery ">=1.4.1"

jquery@>=1.4.1, jquery@>=1.6.1:
  version "3.4.1"
  resolved "https://registry.yarnpkg.com/jquery/-/jquery-3.4.1.tgz#714f1f8d9dde4bdfa55764ba37ef214630d80ef2"
  integrity sha512-36+AdBzCL+y6qjw5Tx7HgzeGCzC81MDDgaUP8ld2zhx58HdqXGoBd+tHdrBMiyjGQs0Hxs/MLZTu/eHNJJuWPw==
