# THIS IS AN AUTOGENERATED FILE. DO NOT EDIT THIS FILE DIRECTLY.
# yarn lockfile v1


jquery-quicksand@^1.6.0:
  version "1.6.0"
  resolved "https://registry.yarnpkg.com/jquery-quicksand/-/jquery-quicksand-1.6.0.tgz#2d0a25910c57aa019f41246a462eef04f3e75e39"
  integrity sha512-5PEYBkYzQmQwa6s9VPmmQm1meXQz/7Ezg0iNETBFlFzyhqzRTcLVP7kmEHFuzh0KCUFIh5YgE6XWq6Z5bT7y8A==
  dependencies:
    jquery ">=1.6.1"

jquery-syntax@^4.1.0:
  version "4.1.0"
  resolved "https://registry.yarnpkg.com/jquery-syntax/-/jquery-syntax-4.1.0.tgz#fdb72de995539da1f8936fd660e257b1e6bf9d04"
  integrity sha512-HpJRYaKi02RwNflxiJZSTi7nX747tvV32O/h3scXwKvIZM31TH+egqOst7i+3DgWtMQSZzaboZR0msTKmqVXDg==
  dependencies:
    jquery ">=1.4.1"

jquery@>=1.4.1, jquery@>=1.6.1:
  version "3.4.1"
  resolved "https://registry.yarnpkg.com/jquery/-/jquery-3.4.1.tgz#714f1f8d9dde4bdfa55764ba37ef214630d80ef2"
  integrity sha512-36+AdBzCL+y6qjw5Tx7HgzeGCzC81MDDgaUP8ld2zhx58HdqXGoBd+tHdrBMiyjGQs0Hxs/MLZTu/eHNJJuWPw==
